
Microsoft Visual Studio Solution File, Format Version 12.00
# Visual Studio Version 17
VisualStudioVersion = 17.2.32526.322
MinimumVisualStudioVersion = 10.0.40219.1
Project("{9A19103F-16F7-4668-BE54-9A1E7A4F7556}") = "MediatRAPI", "MediatRAPI.csproj", "{3B9B48DB-EA1C-4160-9FFF-E5A39C794499}"
EndProject
Global
	GlobalSection(SolutionConfigurationPlatforms) = preSolution
		Debug|Any CPU = Debug|Any CPU
		Release|Any CPU = Release|Any CPU
	EndGlobalSection
	GlobalSection(ProjectConfigurationPlatforms) = postSolution
		{3B9B48DB-EA1C-4160-9FFF-E5A39C794499}.Debug|Any CPU.ActiveCfg = Debug|Any CPU
		{3B9B48DB-EA1C-4160-9FFF-E5A39C794499}.Debug|Any CPU.Build.0 = Debug|Any CPU
		{3B9B48DB-EA1C-4160-9FFF-E5A39C794499}.Release|Any CPU.ActiveCfg = Release|Any CPU
		{3B9B48DB-EA1C-4160-9FFF-E5A39C794499}.Release|Any CPU.Build.0 = Release|Any CPU
	EndGlobalSection
	GlobalSection(SolutionProperties) = preSolution
		HideSolutionNode = FALSE
	EndGlobalSection
	GlobalSection(ExtensibilityGlobals) = postSolution
		SolutionGuid = {0B806FE6-07DF-4D72-8C17-34A8B9432CE2}
	EndGlobalSection
EndGlobal
